
Microsoft Visual Studio Solution File, Format Version 12.00
# Visual Studio Version 17
VisualStudioVersion = 17.3.32825.248
MinimumVisualStudioVersion = 10.0.40219.1
Project("{FAE04EC0-301F-11D3-BF4B-00C04F79EFBC}") = "Kalkulator", "Kalkulator\Kalkulator.csproj", "{56BDDBE9-711A-41DC-9F23-D88C6EAE10C7}"
EndProject
Global
	GlobalSection(SolutionConfigurationPlatforms) = preSolution
		Debug|Any CPU = Debug|Any CPU
		Release|Any CPU = Release|Any CPU
	EndGlobalSection
	GlobalSection(ProjectConfigurationPlatforms) = postSolution
		{56BDDBE9-711A-41DC-9F23-D88C6EAE10C7}.Debug|Any CPU.ActiveCfg = Debug|Any CPU
		{56BDDBE9-711A-41DC-9F23-D88C6EAE10C7}.Debug|Any CPU.Build.0 = Debug|Any CPU
		{56BDDBE9-711A-41DC-9F23-D88C6EAE10C7}.Release|Any CPU.ActiveCfg = Release|Any CPU
		{56BDDBE9-711A-41DC-9F23-D88C6EAE10C7}.Release|Any CPU.Build.0 = Release|Any CPU
	EndGlobalSection
	GlobalSection(SolutionProperties) = preSolution
		HideSolutionNode = FALSE
	EndGlobalSection
	GlobalSection(ExtensibilityGlobals) = postSolution
		SolutionGuid = {1E0F79E3-99EC-40CB-B42F-E354389FB04F}
	EndGlobalSection
EndGlobal
